
Microsoft Visual Studio Solution File, Format Version 12.00
# Visual Studio Version 17
VisualStudioVersion = 17.14.36121.58 d17.14
MinimumVisualStudioVersion = 10.0.40219.1
Project("{FAE04EC0-301F-11D3-BF4B-00C04F79EFBC}") = "Form_test", "Form_test\Form_test.csproj", "{8BB2C179-939F-455D-BDC2-EAC7A10EA2AA}"
EndProject
Global
	GlobalSection(SolutionConfigurationPlatforms) = preSolution
		Debug|Any CPU = Debug|Any CPU
		Release|Any CPU = Release|Any CPU
	EndGlobalSection
	GlobalSection(ProjectConfigurationPlatforms) = postSolution
		{8BB2C179-939F-455D-BDC2-EAC7A10EA2AA}.Debug|Any CPU.ActiveCfg = Debug|Any CPU
		{8BB2C179-939F-455D-BDC2-EAC7A10EA2AA}.Debug|Any CPU.Build.0 = Debug|Any CPU
		{8BB2C179-939F-455D-BDC2-EAC7A10EA2AA}.Release|Any CPU.ActiveCfg = Release|Any CPU
		{8BB2C179-939F-455D-BDC2-EAC7A10EA2AA}.Release|Any CPU.Build.0 = Release|Any CPU
	EndGlobalSection
	GlobalSection(SolutionProperties) = preSolution
		HideSolutionNode = FALSE
	EndGlobalSection
	GlobalSection(ExtensibilityGlobals) = postSolution
		SolutionGuid = {0D9C53C1-68C0-497E-BB0F-FEE3BAA2358E}
	EndGlobalSection
EndGlobal
